// !$*UTF8*$!
{
	archiveVersion = 1;
	classes = {
	};
	objectVersion = 56;
	objects = {

/* Begin PBXBuildFile section */
		18671E8B2C4836C40099A624 /* DottedRoundedRectangle.swift in Sources */ = {isa = PBXBuildFile; fileRef = 18671E8A2C4836C40099A624 /* DottedRoundedRectangle.swift */; };
		18671E8D2C48499F0099A624 /* PostSuccessView.swift in Sources */ = {isa = PBXBuildFile; fileRef = 18671E8C2C48499F0099A624 /* PostSuccessView.swift */; };
		18C326BE2C4AF5700014E948 /* NotificationModel.swift in Sources */ = {isa = PBXBuildFile; fileRef = 18C326BD2C4AF5700014E948 /* NotificationModel.swift */; };
		18C326C22C4AF58F0014E948 /* EditCollectionView.swift in Sources */ = {isa = PBXBuildFile; fileRef = 18C326BF2C4AF58F0014E948 /* EditCollectionView.swift */; };
		18C326C32C4AF58F0014E948 /* ManageCollectionView.swift in Sources */ = {isa = PBXBuildFile; fileRef = 18C326C02C4AF58F0014E948 /* ManageCollectionView.swift */; };
		18C326C42C4AF58F0014E948 /* NotificationView.swift in Sources */ = {isa = PBXBuildFile; fileRef = 18C326C12C4AF58F0014E948 /* NotificationView.swift */; };
		18E964B12C48328C00A1DF3E /* AddPostView.swift in Sources */ = {isa = PBXBuildFile; fileRef = 18E964B02C48328C00A1DF3E /* AddPostView.swift */; };
		18E964B32C48329D00A1DF3E /* AddViewModel.swift in Sources */ = {isa = PBXBuildFile; fileRef = 18E964B22C48329D00A1DF3E /* AddViewModel.swift */; };
		AB31855C2C3C8E4B0020B9DC /* VYBEApp.swift in Sources */ = {isa = PBXBuildFile; fileRef = AB31855B2C3C8E4B0020B9DC /* VYBEApp.swift */; };
		AB31855E2C3C8E4B0020B9DC /* ContentView.swift in Sources */ = {isa = PBXBuildFile; fileRef = AB31855D2C3C8E4B0020B9DC /* ContentView.swift */; };
		AB3185602C3C8E4D0020B9DC /* Assets.xcassets in Resources */ = {isa = PBXBuildFile; fileRef = AB31855F2C3C8E4D0020B9DC /* Assets.xcassets */; };
		AB3185632C3C8E4D0020B9DC /* Preview Assets.xcassets in Resources */ = {isa = PBXBuildFile; fileRef = AB3185622C3C8E4D0020B9DC /* Preview Assets.xcassets */; };
		AB3185702C3CA2E50020B9DC /* ContentViewModel.swift in Sources */ = {isa = PBXBuildFile; fileRef = AB31856F2C3CA2E50020B9DC /* ContentViewModel.swift */; };
		AB3185762C3CA3170020B9DC /* BaseViewModel.swift in Sources */ = {isa = PBXBuildFile; fileRef = AB3185752C3CA3170020B9DC /* BaseViewModel.swift */; };
		AB3185792C3CA3DD0020B9DC /* SplashView.swift in Sources */ = {isa = PBXBuildFile; fileRef = AB3185782C3CA3DD0020B9DC /* SplashView.swift */; };
		AB3185812C3CA4BF0020B9DC /* Extension+Numbers.swift in Sources */ = {isa = PBXBuildFile; fileRef = AB3185802C3CA4BF0020B9DC /* Extension+Numbers.swift */; };
		AB3185842C3CA6850020B9DC /* FirebaseAuth in Frameworks */ = {isa = PBXBuildFile; productRef = AB3185832C3CA6850020B9DC /* FirebaseAuth */; };
		AB3185862C3CA6850020B9DC /* FirebaseFirestore in Frameworks */ = {isa = PBXBuildFile; productRef = AB3185852C3CA6850020B9DC /* FirebaseFirestore */; };
		AB3185882C3CA6850020B9DC /* FirebaseFirestoreCombine-Community in Frameworks */ = {isa = PBXBuildFile; productRef = AB3185872C3CA6850020B9DC /* FirebaseFirestoreCombine-Community */; };
		AB31858A2C3CA6850020B9DC /* FirebaseFirestoreSwift in Frameworks */ = {isa = PBXBuildFile; productRef = AB3185892C3CA6850020B9DC /* FirebaseFirestoreSwift */; };
		AB31858C2C3CA6850020B9DC /* FirebaseStorage in Frameworks */ = {isa = PBXBuildFile; productRef = AB31858B2C3CA6850020B9DC /* FirebaseStorage */; };
		AB45B82D2C4C113000BAD9E2 /* SettingsSheet.swift in Sources */ = {isa = PBXBuildFile; fileRef = AB45B82C2C4C113000BAD9E2 /* SettingsSheet.swift */; };
		AB4867E72C3DC2D200F6DB97 /* GoogleService-Info.plist in Resources */ = {isa = PBXBuildFile; fileRef = AB4867E62C3DC2D200F6DB97 /* GoogleService-Info.plist */; };
		AB4867E92C3DC31A00F6DB97 /* Extension+Color.swift in Sources */ = {isa = PBXBuildFile; fileRef = AB4867E82C3DC31A00F6DB97 /* Extension+Color.swift */; };
		AB4867EB2C3DC43C00F6DB97 /* Colors.xcassets in Resources */ = {isa = PBXBuildFile; fileRef = AB4867EA2C3DC43C00F6DB97 /* Colors.xcassets */; };
		AB4867FF2C3DC5B000F6DB97 /* Rubik-Bold.ttf in Resources */ = {isa = PBXBuildFile; fileRef = AB4867F02C3DC5B000F6DB97 /* Rubik-Bold.ttf */; };
		AB4868062C3DC5B000F6DB97 /* Rubik-Medium.ttf in Resources */ = {isa = PBXBuildFile; fileRef = AB4867F72C3DC5B000F6DB97 /* Rubik-Medium.ttf */; };
		AB4868082C3DC5B000F6DB97 /* Rubik-Regular.ttf in Resources */ = {isa = PBXBuildFile; fileRef = AB4867F92C3DC5B000F6DB97 /* Rubik-Regular.ttf */; };
		AB4868092C3DC5B000F6DB97 /* Rubik-SemiBold.ttf in Resources */ = {isa = PBXBuildFile; fileRef = AB4867FA2C3DC5B000F6DB97 /* Rubik-SemiBold.ttf */; };
		AB48680C2C3DC5E000F6DB97 /* Extension+Font.swift in Sources */ = {isa = PBXBuildFile; fileRef = AB48680B2C3DC5E000F6DB97 /* Extension+Font.swift */; };
		AB48680F2C3DCC4300F6DB97 /* AppButton.swift in Sources */ = {isa = PBXBuildFile; fileRef = AB48680E2C3DCC4300F6DB97 /* AppButton.swift */; };
		AB48681E2C3DCCDB00F6DB97 /* LICENSE.txt in Resources */ = {isa = PBXBuildFile; fileRef = AB4868102C3DCCDA00F6DB97 /* LICENSE.txt */; };
		AB48681F2C3DCCDB00F6DB97 /* Roboto-Black.ttf in Resources */ = {isa = PBXBuildFile; fileRef = AB4868112C3DCCDA00F6DB97 /* Roboto-Black.ttf */; };
		AB4868212C3DCCDB00F6DB97 /* Roboto-Bold.ttf in Resources */ = {isa = PBXBuildFile; fileRef = AB4868132C3DCCDA00F6DB97 /* Roboto-Bold.ttf */; };
		AB4868262C3DCCDB00F6DB97 /* Roboto-Medium.ttf in Resources */ = {isa = PBXBuildFile; fileRef = AB4868182C3DCCDA00F6DB97 /* Roboto-Medium.ttf */; };
		AB4868282C3DCCDB00F6DB97 /* Roboto-Regular.ttf in Resources */ = {isa = PBXBuildFile; fileRef = AB48681A2C3DCCDA00F6DB97 /* Roboto-Regular.ttf */; };
		AB48682D2C3DD45C00F6DB97 /* SignInViewModel.swift in Sources */ = {isa = PBXBuildFile; fileRef = AB48682C2C3DD45C00F6DB97 /* SignInViewModel.swift */; };
		AB4868302C3DD4A000F6DB97 /* Paths.swift in Sources */ = {isa = PBXBuildFile; fileRef = AB48682F2C3DD4A000F6DB97 /* Paths.swift */; };
		AB4868322C3DD5F100F6DB97 /* Routers.swift in Sources */ = {isa = PBXBuildFile; fileRef = AB4868312C3DD5F100F6DB97 /* Routers.swift */; };
		AB4868362C3DD91D00F6DB97 /* SignInView.swift in Sources */ = {isa = PBXBuildFile; fileRef = AB4868352C3DD91D00F6DB97 /* SignInView.swift */; };
		AB48683A2C3DD93E00F6DB97 /* ValidatorTextFieldView.swift in Sources */ = {isa = PBXBuildFile; fileRef = AB4868392C3DD93E00F6DB97 /* ValidatorTextFieldView.swift */; };
		AB48683E2C3DDCD000F6DB97 /* AuthManager.swift in Sources */ = {isa = PBXBuildFile; fileRef = AB48683D2C3DDCD000F6DB97 /* AuthManager.swift */; };
		AB4868402C3DDEC500F6DB97 /* Extension+String.swift in Sources */ = {isa = PBXBuildFile; fileRef = AB48683F2C3DDEC500F6DB97 /* Extension+String.swift */; };
		AB4868432C3DE17C00F6DB97 /* SignUpView.swift in Sources */ = {isa = PBXBuildFile; fileRef = AB4868422C3DE17C00F6DB97 /* SignUpView.swift */; };
		AB57A7252C407C3400A17C4E /* UserManager.swift in Sources */ = {isa = PBXBuildFile; fileRef = AB57A7242C407C3400A17C4E /* UserManager.swift */; };
		AB57A7272C407C7200A17C4E /* UserProfile.swift in Sources */ = {isa = PBXBuildFile; fileRef = AB57A7262C407C7200A17C4E /* UserProfile.swift */; };
		AB57A7292C40881100A17C4E /* Extension+UserDefaults.swift in Sources */ = {isa = PBXBuildFile; fileRef = AB57A7282C40881100A17C4E /* Extension+UserDefaults.swift */; };
		AB57A72B2C40911A00A17C4E /* ForgotPasswordView.swift in Sources */ = {isa = PBXBuildFile; fileRef = AB57A72A2C40911A00A17C4E /* ForgotPasswordView.swift */; };
		AB7E087A2C43F5FC00943D24 /* Extension+View.swift in Sources */ = {isa = PBXBuildFile; fileRef = AB7E08792C43F5FC00943D24 /* Extension+View.swift */; };
		AB8225B82C467BB300927B69 /* HomeView.swift in Sources */ = {isa = PBXBuildFile; fileRef = AB8225B72C467BB300927B69 /* HomeView.swift */; };
		AB8225BA2C4684DC00927B69 /* NavItem.swift in Sources */ = {isa = PBXBuildFile; fileRef = AB8225B92C4684DC00927B69 /* NavItem.swift */; };
		AB8225BD2C46906100927B69 /* TextViews.swift in Sources */ = {isa = PBXBuildFile; fileRef = AB8225BC2C46906100927B69 /* TextViews.swift */; };
		AB8225BF2C46AB2300927B69 /* CircleUserView.swift in Sources */ = {isa = PBXBuildFile; fileRef = AB8225BE2C46AB2300927B69 /* CircleUserView.swift */; };
		ABABA3942C3F243A0041EF06 /* SignUpViewModel.swift in Sources */ = {isa = PBXBuildFile; fileRef = ABABA3932C3F243A0041EF06 /* SignUpViewModel.swift */; };
		ABB529392C4A4E7000748E87 /* FollowersView.swift in Sources */ = {isa = PBXBuildFile; fileRef = ABB529382C4A4E7000748E87 /* FollowersView.swift */; };
		ABB5293B2C4A51A300748E87 /* FollowersRow.swift in Sources */ = {isa = PBXBuildFile; fileRef = ABB5293A2C4A51A300748E87 /* FollowersRow.swift */; };
		ABB5293D2C4A51AF00748E87 /* FollowingRow.swift in Sources */ = {isa = PBXBuildFile; fileRef = ABB5293C2C4A51AF00748E87 /* FollowingRow.swift */; };
		ABB608692C4C6D9600F22291 /* Roboto-Italic.ttf in Resources */ = {isa = PBXBuildFile; fileRef = ABB608682C4C6D9200F22291 /* Roboto-Italic.ttf */; };
		ABC172D32C47C811001948C6 /* Line.swift in Sources */ = {isa = PBXBuildFile; fileRef = ABC172D22C47C811001948C6 /* Line.swift */; };
		ABC172D52C47CFA3001948C6 /* CategoryView.swift in Sources */ = {isa = PBXBuildFile; fileRef = ABC172D42C47CFA3001948C6 /* CategoryView.swift */; };
		ABC172D92C47EAFA001948C6 /* CategoryCell.swift in Sources */ = {isa = PBXBuildFile; fileRef = ABC172D82C47EAFA001948C6 /* CategoryCell.swift */; };
		ABC172DB2C47ECDE001948C6 /* Constants.swift in Sources */ = {isa = PBXBuildFile; fileRef = ABC172DA2C47ECDE001948C6 /* Constants.swift */; };
		ABC172DD2C47FA92001948C6 /* CategorySelectedView.swift in Sources */ = {isa = PBXBuildFile; fileRef = ABC172DC2C47FA92001948C6 /* CategorySelectedView.swift */; };
		ABC172DF2C47FAD8001948C6 /* Category.swift in Sources */ = {isa = PBXBuildFile; fileRef = ABC172DE2C47FAD8001948C6 /* Category.swift */; };
		ABC172E12C47FB5E001948C6 /* CategoryViewModel.swift in Sources */ = {isa = PBXBuildFile; fileRef = ABC172E02C47FB5E001948C6 /* CategoryViewModel.swift */; };
		ABC1737F2C4818ED001948C6 /* FavoritesView.swift in Sources */ = {isa = PBXBuildFile; fileRef = ABC1737E2C4818ED001948C6 /* FavoritesView.swift */; };
		ABC173812C486FFE001948C6 /* PostViewFull.swift in Sources */ = {isa = PBXBuildFile; fileRef = ABC173802C486FFE001948C6 /* PostViewFull.swift */; };
		ABC173832C48702B001948C6 /* FavoritesViewModel.swift in Sources */ = {isa = PBXBuildFile; fileRef = ABC173822C48702B001948C6 /* FavoritesViewModel.swift */; };
		ABD05BB52C46FF3F0091BD53 /* HomeViewModel.swift in Sources */ = {isa = PBXBuildFile; fileRef = ABD05BB42C46FF3F0091BD53 /* HomeViewModel.swift */; };
		ABD05BB72C4716DE0091BD53 /* Filter.swift in Sources */ = {isa = PBXBuildFile; fileRef = ABD05BB62C4716DE0091BD53 /* Filter.swift */; };
		ABD05BB92C471E3D0091BD53 /* PostView.swift in Sources */ = {isa = PBXBuildFile; fileRef = ABD05BB82C471E3D0091BD53 /* PostView.swift */; };
		ABD05BBB2C471E700091BD53 /* Post.swift in Sources */ = {isa = PBXBuildFile; fileRef = ABD05BBA2C471E700091BD53 /* Post.swift */; };
		ABD05BBD2C4721FB0091BD53 /* Extension+Date.swift in Sources */ = {isa = PBXBuildFile; fileRef = ABD05BBC2C4721FB0091BD53 /* Extension+Date.swift */; };
		ABD05BBF2C4732730091BD53 /* PostManager.swift in Sources */ = {isa = PBXBuildFile; fileRef = ABD05BBE2C4732730091BD53 /* PostManager.swift */; };
		ABD4F6BB2C497ADD00C18EAD /* ProfileView.swift in Sources */ = {isa = PBXBuildFile; fileRef = ABD4F6BA2C497ADD00C18EAD /* ProfileView.swift */; };
		ABD4F6BD2C497B3100C18EAD /* ProfileViewModel.swift in Sources */ = {isa = PBXBuildFile; fileRef = ABD4F6BC2C497B3100C18EAD /* ProfileViewModel.swift */; };
		ABD4F6C02C49999A00C18EAD /* CircleDashedBorder.swift in Sources */ = {isa = PBXBuildFile; fileRef = ABD4F6BF2C49999A00C18EAD /* CircleDashedBorder.swift */; };
		ABD4F6C22C49AC2700C18EAD /* Collection.swift in Sources */ = {isa = PBXBuildFile; fileRef = ABD4F6C12C49AC2700C18EAD /* Collection.swift */; };
		ABD4F6C52C49B97E00C18EAD /* OtherProfileView.swift in Sources */ = {isa = PBXBuildFile; fileRef = ABD4F6C42C49B97E00C18EAD /* OtherProfileView.swift */; };
		ABD4F6C82C49B9D900C18EAD /* ProfileTopHeader.swift in Sources */ = {isa = PBXBuildFile; fileRef = ABD4F6C72C49B9D900C18EAD /* ProfileTopHeader.swift */; };
		ABD4F6CA2C49BD8000C18EAD /* EditProfileView.swift in Sources */ = {isa = PBXBuildFile; fileRef = ABD4F6C92C49BD8000C18EAD /* EditProfileView.swift */; };
		ABD940E12C45E0F200824C07 /* TabbarView.swift in Sources */ = {isa = PBXBuildFile; fileRef = ABD940E02C45E0F200824C07 /* TabbarView.swift */; };
		D555CFF82C54448900FAFE0F /* ImageCache.swift in Sources */ = {isa = PBXBuildFile; fileRef = D555CFF72C54448900FAFE0F /* ImageCache.swift */; };
		D555CFFA2C564BA400FAFE0F /* ImagePicker.swift in Sources */ = {isa = PBXBuildFile; fileRef = D555CFF92C564BA400FAFE0F /* ImagePicker.swift */; };
		D55868D92C5C31CE000C5FF7 /* MockData.swift in Sources */ = {isa = PBXBuildFile; fileRef = D55868D82C5C31CE000C5FF7 /* MockData.swift */; };
/* End PBXBuildFile section */

/* Begin PBXFileReference section */
		18671E8A2C4836C40099A624 /* DottedRoundedRectangle.swift */ = {isa = PBXFileReference; lastKnownFileType = sourcecode.swift; path = DottedRoundedRectangle.swift; sourceTree = "<group>"; };
		18671E8C2C48499F0099A624 /* PostSuccessView.swift */ = {isa = PBXFileReference; lastKnownFileType = sourcecode.swift; path = PostSuccessView.swift; sourceTree = "<group>"; };
		18C326BD2C4AF5700014E948 /* NotificationModel.swift */ = {isa = PBXFileReference; lastKnownFileType = sourcecode.swift; path = NotificationModel.swift; sourceTree = "<group>"; };
		18C326BF2C4AF58F0014E948 /* EditCollectionView.swift */ = {isa = PBXFileReference; fileEncoding = 4; lastKnownFileType = sourcecode.swift; path = EditCollectionView.swift; sourceTree = "<group>"; };
		18C326C02C4AF58F0014E948 /* ManageCollectionView.swift */ = {isa = PBXFileReference; fileEncoding = 4; lastKnownFileType = sourcecode.swift; path = ManageCollectionView.swift; sourceTree = "<group>"; };
		18C326C12C4AF58F0014E948 /* NotificationView.swift */ = {isa = PBXFileReference; fileEncoding = 4; lastKnownFileType = sourcecode.swift; path = NotificationView.swift; sourceTree = "<group>"; };
		18E964B02C48328C00A1DF3E /* AddPostView.swift */ = {isa = PBXFileReference; lastKnownFileType = sourcecode.swift; path = AddPostView.swift; sourceTree = "<group>"; };
		18E964B22C48329D00A1DF3E /* AddViewModel.swift */ = {isa = PBXFileReference; lastKnownFileType = sourcecode.swift; path = AddViewModel.swift; sourceTree = "<group>"; };
		AB3185582C3C8E4B0020B9DC /* VYBE.app */ = {isa = PBXFileReference; explicitFileType = wrapper.application; includeInIndex = 0; path = VYBE.app; sourceTree = BUILT_PRODUCTS_DIR; };
		AB31855B2C3C8E4B0020B9DC /* VYBEApp.swift */ = {isa = PBXFileReference; lastKnownFileType = sourcecode.swift; path = VYBEApp.swift; sourceTree = "<group>"; };
		AB31855D2C3C8E4B0020B9DC /* ContentView.swift */ = {isa = PBXFileReference; lastKnownFileType = sourcecode.swift; path = ContentView.swift; sourceTree = "<group>"; };
		AB31855F2C3C8E4D0020B9DC /* Assets.xcassets */ = {isa = PBXFileReference; lastKnownFileType = folder.assetcatalog; path = Assets.xcassets; sourceTree = "<group>"; };
		AB3185622C3C8E4D0020B9DC /* Preview Assets.xcassets */ = {isa = PBXFileReference; lastKnownFileType = folder.assetcatalog; path = "Preview Assets.xcassets"; sourceTree = "<group>"; };
		AB31856F2C3CA2E50020B9DC /* ContentViewModel.swift */ = {isa = PBXFileReference; lastKnownFileType = sourcecode.swift; path = ContentViewModel.swift; sourceTree = "<group>"; };
		AB3185752C3CA3170020B9DC /* BaseViewModel.swift */ = {isa = PBXFileReference; lastKnownFileType = sourcecode.swift; path = BaseViewModel.swift; sourceTree = "<group>"; };
		AB3185782C3CA3DD0020B9DC /* SplashView.swift */ = {isa = PBXFileReference; lastKnownFileType = sourcecode.swift; path = SplashView.swift; sourceTree = "<group>"; };
		AB3185802C3CA4BF0020B9DC /* Extension+Numbers.swift */ = {isa = PBXFileReference; lastKnownFileType = sourcecode.swift; path = "Extension+Numbers.swift"; sourceTree = "<group>"; };
		AB45B82C2C4C113000BAD9E2 /* SettingsSheet.swift */ = {isa = PBXFileReference; lastKnownFileType = sourcecode.swift; path = SettingsSheet.swift; sourceTree = "<group>"; };
		AB4867E62C3DC2D200F6DB97 /* GoogleService-Info.plist */ = {isa = PBXFileReference; fileEncoding = 4; lastKnownFileType = text.plist.xml; path = "GoogleService-Info.plist"; sourceTree = "<group>"; };
		AB4867E82C3DC31A00F6DB97 /* Extension+Color.swift */ = {isa = PBXFileReference; lastKnownFileType = sourcecode.swift; path = "Extension+Color.swift"; sourceTree = "<group>"; };
		AB4867EA2C3DC43C00F6DB97 /* Colors.xcassets */ = {isa = PBXFileReference; lastKnownFileType = folder.assetcatalog; path = Colors.xcassets; sourceTree = "<group>"; };
		AB4867F02C3DC5B000F6DB97 /* Rubik-Bold.ttf */ = {isa = PBXFileReference; lastKnownFileType = file; path = "Rubik-Bold.ttf"; sourceTree = "<group>"; };
		AB4867F72C3DC5B000F6DB97 /* Rubik-Medium.ttf */ = {isa = PBXFileReference; lastKnownFileType = file; path = "Rubik-Medium.ttf"; sourceTree = "<group>"; };
		AB4867F92C3DC5B000F6DB97 /* Rubik-Regular.ttf */ = {isa = PBXFileReference; lastKnownFileType = file; path = "Rubik-Regular.ttf"; sourceTree = "<group>"; };
		AB4867FA2C3DC5B000F6DB97 /* Rubik-SemiBold.ttf */ = {isa = PBXFileReference; lastKnownFileType = file; path = "Rubik-SemiBold.ttf"; sourceTree = "<group>"; };
		AB48680B2C3DC5E000F6DB97 /* Extension+Font.swift */ = {isa = PBXFileReference; lastKnownFileType = sourcecode.swift; path = "Extension+Font.swift"; sourceTree = "<group>"; };
		AB48680E2C3DCC4300F6DB97 /* AppButton.swift */ = {isa = PBXFileReference; lastKnownFileType = sourcecode.swift; path = AppButton.swift; sourceTree = "<group>"; };
		AB4868102C3DCCDA00F6DB97 /* LICENSE.txt */ = {isa = PBXFileReference; fileEncoding = 4; lastKnownFileType = text; path = LICENSE.txt; sourceTree = "<group>"; };
		AB4868112C3DCCDA00F6DB97 /* Roboto-Black.ttf */ = {isa = PBXFileReference; lastKnownFileType = file; path = "Roboto-Black.ttf"; sourceTree = "<group>"; };
		AB4868132C3DCCDA00F6DB97 /* Roboto-Bold.ttf */ = {isa = PBXFileReference; lastKnownFileType = file; path = "Roboto-Bold.ttf"; sourceTree = "<group>"; };
		AB4868182C3DCCDA00F6DB97 /* Roboto-Medium.ttf */ = {isa = PBXFileReference; lastKnownFileType = file; path = "Roboto-Medium.ttf"; sourceTree = "<group>"; };
		AB48681A2C3DCCDA00F6DB97 /* Roboto-Regular.ttf */ = {isa = PBXFileReference; lastKnownFileType = file; path = "Roboto-Regular.ttf"; sourceTree = "<group>"; };
		AB48682B2C3DCD8B00F6DB97 /* Info.plist */ = {isa = PBXFileReference; lastKnownFileType = text.plist; path = Info.plist; sourceTree = "<group>"; };
		AB48682C2C3DD45C00F6DB97 /* SignInViewModel.swift */ = {isa = PBXFileReference; lastKnownFileType = sourcecode.swift; path = SignInViewModel.swift; sourceTree = "<group>"; };
		AB48682F2C3DD4A000F6DB97 /* Paths.swift */ = {isa = PBXFileReference; lastKnownFileType = sourcecode.swift; path = Paths.swift; sourceTree = "<group>"; };
		AB4868312C3DD5F100F6DB97 /* Routers.swift */ = {isa = PBXFileReference; lastKnownFileType = sourcecode.swift; path = Routers.swift; sourceTree = "<group>"; };
		AB4868352C3DD91D00F6DB97 /* SignInView.swift */ = {isa = PBXFileReference; lastKnownFileType = sourcecode.swift; path = SignInView.swift; sourceTree = "<group>"; };
		AB4868392C3DD93E00F6DB97 /* ValidatorTextFieldView.swift */ = {isa = PBXFileReference; lastKnownFileType = sourcecode.swift; path = ValidatorTextFieldView.swift; sourceTree = "<group>"; };
		AB48683D2C3DDCD000F6DB97 /* AuthManager.swift */ = {isa = PBXFileReference; lastKnownFileType = sourcecode.swift; path = AuthManager.swift; sourceTree = "<group>"; };
		AB48683F2C3DDEC500F6DB97 /* Extension+String.swift */ = {isa = PBXFileReference; lastKnownFileType = sourcecode.swift; path = "Extension+String.swift"; sourceTree = "<group>"; };
		AB4868422C3DE17C00F6DB97 /* SignUpView.swift */ = {isa = PBXFileReference; lastKnownFileType = sourcecode.swift; path = SignUpView.swift; sourceTree = "<group>"; };
		AB57A7242C407C3400A17C4E /* UserManager.swift */ = {isa = PBXFileReference; lastKnownFileType = sourcecode.swift; path = UserManager.swift; sourceTree = "<group>"; };
		AB57A7262C407C7200A17C4E /* UserProfile.swift */ = {isa = PBXFileReference; lastKnownFileType = sourcecode.swift; path = UserProfile.swift; sourceTree = "<group>"; };
		AB57A7282C40881100A17C4E /* Extension+UserDefaults.swift */ = {isa = PBXFileReference; lastKnownFileType = sourcecode.swift; path = "Extension+UserDefaults.swift"; sourceTree = "<group>"; };
		AB57A72A2C40911A00A17C4E /* ForgotPasswordView.swift */ = {isa = PBXFileReference; lastKnownFileType = sourcecode.swift; path = ForgotPasswordView.swift; sourceTree = "<group>"; };
		AB7E08792C43F5FC00943D24 /* Extension+View.swift */ = {isa = PBXFileReference; lastKnownFileType = sourcecode.swift; path = "Extension+View.swift"; sourceTree = "<group>"; };
		AB8225B72C467BB300927B69 /* HomeView.swift */ = {isa = PBXFileReference; lastKnownFileType = sourcecode.swift; path = HomeView.swift; sourceTree = "<group>"; };
		AB8225B92C4684DC00927B69 /* NavItem.swift */ = {isa = PBXFileReference; lastKnownFileType = sourcecode.swift; path = NavItem.swift; sourceTree = "<group>"; };
		AB8225BC2C46906100927B69 /* TextViews.swift */ = {isa = PBXFileReference; lastKnownFileType = sourcecode.swift; path = TextViews.swift; sourceTree = "<group>"; };
		AB8225BE2C46AB2300927B69 /* CircleUserView.swift */ = {isa = PBXFileReference; lastKnownFileType = sourcecode.swift; path = CircleUserView.swift; sourceTree = "<group>"; };
		ABABA3932C3F243A0041EF06 /* SignUpViewModel.swift */ = {isa = PBXFileReference; lastKnownFileType = sourcecode.swift; path = SignUpViewModel.swift; sourceTree = "<group>"; };
		ABB529382C4A4E7000748E87 /* FollowersView.swift */ = {isa = PBXFileReference; lastKnownFileType = sourcecode.swift; path = FollowersView.swift; sourceTree = "<group>"; };
		ABB5293A2C4A51A300748E87 /* FollowersRow.swift */ = {isa = PBXFileReference; lastKnownFileType = sourcecode.swift; path = FollowersRow.swift; sourceTree = "<group>"; };
		ABB5293C2C4A51AF00748E87 /* FollowingRow.swift */ = {isa = PBXFileReference; lastKnownFileType = sourcecode.swift; path = FollowingRow.swift; sourceTree = "<group>"; };
		ABB608682C4C6D9200F22291 /* Roboto-Italic.ttf */ = {isa = PBXFileReference; lastKnownFileType = file; path = "Roboto-Italic.ttf"; sourceTree = "<group>"; };
		ABC172D22C47C811001948C6 /* Line.swift */ = {isa = PBXFileReference; lastKnownFileType = sourcecode.swift; path = Line.swift; sourceTree = "<group>"; };
		ABC172D42C47CFA3001948C6 /* CategoryView.swift */ = {isa = PBXFileReference; lastKnownFileType = sourcecode.swift; path = CategoryView.swift; sourceTree = "<group>"; };
		ABC172D82C47EAFA001948C6 /* CategoryCell.swift */ = {isa = PBXFileReference; lastKnownFileType = sourcecode.swift; path = CategoryCell.swift; sourceTree = "<group>"; };
		ABC172DA2C47ECDE001948C6 /* Constants.swift */ = {isa = PBXFileReference; lastKnownFileType = sourcecode.swift; path = Constants.swift; sourceTree = "<group>"; };
		ABC172DC2C47FA92001948C6 /* CategorySelectedView.swift */ = {isa = PBXFileReference; lastKnownFileType = sourcecode.swift; path = CategorySelectedView.swift; sourceTree = "<group>"; };
		ABC172DE2C47FAD8001948C6 /* Category.swift */ = {isa = PBXFileReference; lastKnownFileType = sourcecode.swift; path = Category.swift; sourceTree = "<group>"; };
		ABC172E02C47FB5E001948C6 /* CategoryViewModel.swift */ = {isa = PBXFileReference; lastKnownFileType = sourcecode.swift; path = CategoryViewModel.swift; sourceTree = "<group>"; };
		ABC1737E2C4818ED001948C6 /* FavoritesView.swift */ = {isa = PBXFileReference; lastKnownFileType = sourcecode.swift; path = FavoritesView.swift; sourceTree = "<group>"; };
		ABC173802C486FFE001948C6 /* PostViewFull.swift */ = {isa = PBXFileReference; lastKnownFileType = sourcecode.swift; path = PostViewFull.swift; sourceTree = "<group>"; };
		ABC173822C48702B001948C6 /* FavoritesViewModel.swift */ = {isa = PBXFileReference; lastKnownFileType = sourcecode.swift; path = FavoritesViewModel.swift; sourceTree = "<group>"; };
		ABD05BB42C46FF3F0091BD53 /* HomeViewModel.swift */ = {isa = PBXFileReference; lastKnownFileType = sourcecode.swift; path = HomeViewModel.swift; sourceTree = "<group>"; };
		ABD05BB62C4716DE0091BD53 /* Filter.swift */ = {isa = PBXFileReference; lastKnownFileType = sourcecode.swift; path = Filter.swift; sourceTree = "<group>"; };
		ABD05BB82C471E3D0091BD53 /* PostView.swift */ = {isa = PBXFileReference; lastKnownFileType = sourcecode.swift; path = PostView.swift; sourceTree = "<group>"; };
		ABD05BBA2C471E700091BD53 /* Post.swift */ = {isa = PBXFileReference; lastKnownFileType = sourcecode.swift; path = Post.swift; sourceTree = "<group>"; };
		ABD05BBC2C4721FB0091BD53 /* Extension+Date.swift */ = {isa = PBXFileReference; lastKnownFileType = sourcecode.swift; path = "Extension+Date.swift"; sourceTree = "<group>"; };
		ABD05BBE2C4732730091BD53 /* PostManager.swift */ = {isa = PBXFileReference; lastKnownFileType = sourcecode.swift; path = PostManager.swift; sourceTree = "<group>"; };
		ABD4F6BA2C497ADD00C18EAD /* ProfileView.swift */ = {isa = PBXFileReference; lastKnownFileType = sourcecode.swift; path = ProfileView.swift; sourceTree = "<group>"; };
		ABD4F6BC2C497B3100C18EAD /* ProfileViewModel.swift */ = {isa = PBXFileReference; lastKnownFileType = sourcecode.swift; path = ProfileViewModel.swift; sourceTree = "<group>"; };
		ABD4F6BF2C49999A00C18EAD /* CircleDashedBorder.swift */ = {isa = PBXFileReference; lastKnownFileType = sourcecode.swift; path = CircleDashedBorder.swift; sourceTree = "<group>"; };
		ABD4F6C12C49AC2700C18EAD /* Collection.swift */ = {isa = PBXFileReference; lastKnownFileType = sourcecode.swift; path = Collection.swift; sourceTree = "<group>"; };
		ABD4F6C42C49B97E00C18EAD /* OtherProfileView.swift */ = {isa = PBXFileReference; lastKnownFileType = sourcecode.swift; path = OtherProfileView.swift; sourceTree = "<group>"; };
		ABD4F6C72C49B9D900C18EAD /* ProfileTopHeader.swift */ = {isa = PBXFileReference; lastKnownFileType = sourcecode.swift; path = ProfileTopHeader.swift; sourceTree = "<group>"; };
		ABD4F6C92C49BD8000C18EAD /* EditProfileView.swift */ = {isa = PBXFileReference; lastKnownFileType = sourcecode.swift; path = EditProfileView.swift; sourceTree = "<group>"; };
		ABD940E02C45E0F200824C07 /* TabbarView.swift */ = {isa = PBXFileReference; lastKnownFileType = sourcecode.swift; path = TabbarView.swift; sourceTree = "<group>"; };
		D555CFF72C54448900FAFE0F /* ImageCache.swift */ = {isa = PBXFileReference; lastKnownFileType = sourcecode.swift; path = ImageCache.swift; sourceTree = "<group>"; };
		D555CFF92C564BA400FAFE0F /* ImagePicker.swift */ = {isa = PBXFileReference; lastKnownFileType = sourcecode.swift; path = ImagePicker.swift; sourceTree = "<group>"; };
		D55868D82C5C31CE000C5FF7 /* MockData.swift */ = {isa = PBXFileReference; lastKnownFileType = sourcecode.swift; path = MockData.swift; sourceTree = "<group>"; };
/* End PBXFileReference section */

/* Begin PBXFrameworksBuildPhase section */
		AB3185552C3C8E4B0020B9DC /* Frameworks */ = {
			isa = PBXFrameworksBuildPhase;
			buildActionMask = 2147483647;
			files = (
				AB3185882C3CA6850020B9DC /* FirebaseFirestoreCombine-Community in Frameworks */,
				AB3185842C3CA6850020B9DC /* FirebaseAuth in Frameworks */,
				AB3185862C3CA6850020B9DC /* FirebaseFirestore in Frameworks */,
				AB31858C2C3CA6850020B9DC /* FirebaseStorage in Frameworks */,
				AB31858A2C3CA6850020B9DC /* FirebaseFirestoreSwift in Frameworks */,
			);
			runOnlyForDeploymentPostprocessing = 0;
		};
/* End PBXFrameworksBuildPhase section */

/* Begin PBXGroup section */
		18671E892C4836B00099A624 /* Helper */ = {
			isa = PBXGroup;
			children = (
				18671E8A2C4836C40099A624 /* DottedRoundedRectangle.swift */,
				D555CFF72C54448900FAFE0F /* ImageCache.swift */,
				D555CFF92C564BA400FAFE0F /* ImagePicker.swift */,
			);
			path = Helper;
			sourceTree = "<group>";
		};
		18E964AF2C48327E00A1DF3E /* Add */ = {
			isa = PBXGroup;
			children = (
				18E964B02C48328C00A1DF3E /* AddPostView.swift */,
				18671E8C2C48499F0099A624 /* PostSuccessView.swift */,
				18E964B22C48329D00A1DF3E /* AddViewModel.swift */,
			);
			path = Add;
			sourceTree = "<group>";
		};
		AB31854F2C3C8E4B0020B9DC = {
			isa = PBXGroup;
			children = (
				AB31855A2C3C8E4B0020B9DC /* VYBE */,
				AB3185592C3C8E4B0020B9DC /* Products */,
			);
			sourceTree = "<group>";
		};
		AB3185592C3C8E4B0020B9DC /* Products */ = {
			isa = PBXGroup;
			children = (
				AB3185582C3C8E4B0020B9DC /* VYBE.app */,
			);
			name = Products;
			sourceTree = "<group>";
		};
		AB31855A2C3C8E4B0020B9DC /* VYBE */ = {
			isa = PBXGroup;
			children = (
				AB48682B2C3DCD8B00F6DB97 /* Info.plist */,
				AB4867E62C3DC2D200F6DB97 /* GoogleService-Info.plist */,
				AB31857B2C3CA4500020B9DC /* Helpers */,
				AB3185712C3CA2EE0020B9DC /* MVVM */,
				AB31856E2C3CA2D40020B9DC /* RootView */,
				AB4867EC2C3DC58B00F6DB97 /* Resources */,
				AB3185612C3C8E4D0020B9DC /* Preview Content */,
			);
			path = VYBE;
			sourceTree = "<group>";
		};
		AB3185612C3C8E4D0020B9DC /* Preview Content */ = {
			isa = PBXGroup;
			children = (
				AB3185622C3C8E4D0020B9DC /* Preview Assets.xcassets */,
			);
			path = "Preview Content";
			sourceTree = "<group>";
		};
		AB31856E2C3CA2D40020B9DC /* RootView */ = {
			isa = PBXGroup;
			children = (
				AB31855B2C3C8E4B0020B9DC /* VYBEApp.swift */,
				AB31855D2C3C8E4B0020B9DC /* ContentView.swift */,
				AB31856F2C3CA2E50020B9DC /* ContentViewModel.swift */,
				AB3185752C3CA3170020B9DC /* BaseViewModel.swift */,
				AB3185782C3CA3DD0020B9DC /* SplashView.swift */,
			);
			path = RootView;
			sourceTree = "<group>";
		};
		AB3185712C3CA2EE0020B9DC /* MVVM */ = {
			isa = PBXGroup;
			children = (
				AB3185722C3CA2F60020B9DC /* Model */,
				AB3185732C3CA2FB0020B9DC /* Views */,
			);
			path = MVVM;
			sourceTree = "<group>";
		};
		AB3185722C3CA2F60020B9DC /* Model */ = {
			isa = PBXGroup;
			children = (
				AB57A7262C407C7200A17C4E /* UserProfile.swift */,
				ABD05BBA2C471E700091BD53 /* Post.swift */,
				ABC172DE2C47FAD8001948C6 /* Category.swift */,
				AB8225B92C4684DC00927B69 /* NavItem.swift */,
				ABD4F6C12C49AC2700C18EAD /* Collection.swift */,
				18C326BD2C4AF5700014E948 /* NotificationModel.swift */,
				D55868D82C5C31CE000C5FF7 /* MockData.swift */,
			);
			path = Model;
			sourceTree = "<group>";
		};
		AB3185732C3CA2FB0020B9DC /* Views */ = {
			isa = PBXGroup;
			children = (
				AB48680D2C3DCC3500F6DB97 /* Components */,
				AB4867E32C3D9D9200F6DB97 /* Onboarding */,
				ABD940DF2C45E0E600824C07 /* Tabbar */,
			);
			path = Views;
			sourceTree = "<group>";
		};
		AB3185772C3CA3710020B9DC /* Managers */ = {
			isa = PBXGroup;
			children = (
				AB48683D2C3DDCD000F6DB97 /* AuthManager.swift */,
				AB57A7242C407C3400A17C4E /* UserManager.swift */,
				ABD05BBE2C4732730091BD53 /* PostManager.swift */,
			);
			path = Managers;
			sourceTree = "<group>";
		};
		AB31857A2C3CA44B0020B9DC /* Extensions */ = {
			isa = PBXGroup;
			children = (
				AB4867E82C3DC31A00F6DB97 /* Extension+Color.swift */,
				ABD05BBC2C4721FB0091BD53 /* Extension+Date.swift */,
				AB48680B2C3DC5E000F6DB97 /* Extension+Font.swift */,
				AB3185802C3CA4BF0020B9DC /* Extension+Numbers.swift */,
				AB48683F2C3DDEC500F6DB97 /* Extension+String.swift */,
				AB7E08792C43F5FC00943D24 /* Extension+View.swift */,
				AB57A7282C40881100A17C4E /* Extension+UserDefaults.swift */,
			);
			path = Extensions;
			sourceTree = "<group>";
		};
		AB31857B2C3CA4500020B9DC /* Helpers */ = {
			isa = PBXGroup;
			children = (
				AB4868312C3DD5F100F6DB97 /* Routers.swift */,
				AB48682E2C3DD49800F6DB97 /* Enums */,
				AB31857A2C3CA44B0020B9DC /* Extensions */,
				AB3185772C3CA3710020B9DC /* Managers */,
				ABC172DA2C47ECDE001948C6 /* Constants.swift */,
			);
			path = Helpers;
			sourceTree = "<group>";
		};
		AB4867E32C3D9D9200F6DB97 /* Onboarding */ = {
			isa = PBXGroup;
			children = (
				AB4868332C3DD86C00F6DB97 /* Views */,
				AB4868342C3DD87000F6DB97 /* ViewModel */,
			);
			path = Onboarding;
			sourceTree = "<group>";
		};
		AB4867EC2C3DC58B00F6DB97 /* Resources */ = {
			isa = PBXGroup;
			children = (
				AB4867ED2C3DC59B00F6DB97 /* Fonts */,
				AB31855F2C3C8E4D0020B9DC /* Assets.xcassets */,
				AB4867EA2C3DC43C00F6DB97 /* Colors.xcassets */,
			);
			path = Resources;
			sourceTree = "<group>";
		};
		AB4867ED2C3DC59B00F6DB97 /* Fonts */ = {
			isa = PBXGroup;
			children = (
				AB48681D2C3DCCDA00F6DB97 /* Roboto */,
				AB4867FC2C3DC5B000F6DB97 /* Rubik */,
			);
			path = Fonts;
			sourceTree = "<group>";
		};
		AB4867FC2C3DC5B000F6DB97 /* Rubik */ = {
			isa = PBXGroup;
			children = (
				AB4867F02C3DC5B000F6DB97 /* Rubik-Bold.ttf */,
				AB4867F72C3DC5B000F6DB97 /* Rubik-Medium.ttf */,
				AB4867F92C3DC5B000F6DB97 /* Rubik-Regular.ttf */,
				AB4867FA2C3DC5B000F6DB97 /* Rubik-SemiBold.ttf */,
			);
			path = Rubik;
			sourceTree = "<group>";
		};
		AB48680D2C3DCC3500F6DB97 /* Components */ = {
			isa = PBXGroup;
			children = (
				ABD4F6BE2C49998800C18EAD /* Circle */,
				18671E892C4836B00099A624 /* Helper */,
				ABC172D72C47EAE2001948C6 /* Views */,
				ABC172D62C47EAD3001948C6 /* Shapes */,
				AB8225BB2C46905400927B69 /* Texts */,
				AB4868372C3DD93000F6DB97 /* Buttons */,
				AB4868382C3DD93500F6DB97 /* TextFields */,
			);
			path = Components;
			sourceTree = "<group>";
		};
		AB48681D2C3DCCDA00F6DB97 /* Roboto */ = {
			isa = PBXGroup;
			children = (
				AB4868102C3DCCDA00F6DB97 /* LICENSE.txt */,
				AB4868112C3DCCDA00F6DB97 /* Roboto-Black.ttf */,
				AB4868132C3DCCDA00F6DB97 /* Roboto-Bold.ttf */,
				ABB608682C4C6D9200F22291 /* Roboto-Italic.ttf */,
				AB4868182C3DCCDA00F6DB97 /* Roboto-Medium.ttf */,
				AB48681A2C3DCCDA00F6DB97 /* Roboto-Regular.ttf */,
			);
			path = Roboto;
			sourceTree = "<group>";
		};
		AB48682E2C3DD49800F6DB97 /* Enums */ = {
			isa = PBXGroup;
			children = (
				AB48682F2C3DD4A000F6DB97 /* Paths.swift */,
				ABD05BB62C4716DE0091BD53 /* Filter.swift */,
			);
			path = Enums;
			sourceTree = "<group>";
		};
		AB4868332C3DD86C00F6DB97 /* Views */ = {
			isa = PBXGroup;
			children = (
				AB4868352C3DD91D00F6DB97 /* SignInView.swift */,
				AB4868422C3DE17C00F6DB97 /* SignUpView.swift */,
				AB57A72A2C40911A00A17C4E /* ForgotPasswordView.swift */,
			);
			path = Views;
			sourceTree = "<group>";
		};
		AB4868342C3DD87000F6DB97 /* ViewModel */ = {
			isa = PBXGroup;
			children = (
				AB48682C2C3DD45C00F6DB97 /* SignInViewModel.swift */,
				ABABA3932C3F243A0041EF06 /* SignUpViewModel.swift */,
			);
			path = ViewModel;
			sourceTree = "<group>";
		};
		AB4868372C3DD93000F6DB97 /* Buttons */ = {
			isa = PBXGroup;
			children = (
				AB48680E2C3DCC4300F6DB97 /* AppButton.swift */,
			);
			path = Buttons;
			sourceTree = "<group>";
		};
		AB4868382C3DD93500F6DB97 /* TextFields */ = {
			isa = PBXGroup;
			children = (
				AB4868392C3DD93E00F6DB97 /* ValidatorTextFieldView.swift */,
			);
			path = TextFields;
			sourceTree = "<group>";
		};
		AB8225BB2C46905400927B69 /* Texts */ = {
			isa = PBXGroup;
			children = (
				AB8225BC2C46906100927B69 /* TextViews.swift */,
			);
			path = Texts;
			sourceTree = "<group>";
		};
		ABC172D62C47EAD3001948C6 /* Shapes */ = {
			isa = PBXGroup;
			children = (
				ABC172D22C47C811001948C6 /* Line.swift */,
			);
			path = Shapes;
			sourceTree = "<group>";
		};
		ABC172D72C47EAE2001948C6 /* Views */ = {
			isa = PBXGroup;
			children = (
				ABD4F6C72C49B9D900C18EAD /* ProfileTopHeader.swift */,
				ABD05BB82C471E3D0091BD53 /* PostView.swift */,
				ABC173802C486FFE001948C6 /* PostViewFull.swift */,
				ABC172D82C47EAFA001948C6 /* CategoryCell.swift */,
				ABB5293A2C4A51A300748E87 /* FollowersRow.swift */,
				ABB5293C2C4A51AF00748E87 /* FollowingRow.swift */,
			);
			path = Views;
			sourceTree = "<group>";
		};
		ABD4F6BE2C49998800C18EAD /* Circle */ = {
			isa = PBXGroup;
			children = (
				AB8225BE2C46AB2300927B69 /* CircleUserView.swift */,
				ABD4F6BF2C49999A00C18EAD /* CircleDashedBorder.swift */,
			);
			path = Circle;
			sourceTree = "<group>";
		};
		ABD4F6CB2C49BD8400C18EAD /* Edit Profile */ = {
			isa = PBXGroup;
			children = (
				ABD4F6C92C49BD8000C18EAD /* EditProfileView.swift */,
			);
			path = "Edit Profile";
			sourceTree = "<group>";
		};
		ABD4F6CC2C49BD8E00C18EAD /* FollowAndFavs */ = {
			isa = PBXGroup;
			children = (
				ABB529382C4A4E7000748E87 /* FollowersView.swift */,
			);
			path = FollowAndFavs;
			sourceTree = "<group>";
		};
		ABD940DF2C45E0E600824C07 /* Tabbar */ = {
			isa = PBXGroup;
			children = (
				ABD940E02C45E0F200824C07 /* TabbarView.swift */,
				ABD940E22C45E4B000824C07 /* Home */,
				18E964AF2C48327E00A1DF3E /* Add */,
				ABD940E32C45E4B600824C07 /* Category */,
				ABD940E52C45E4CB00824C07 /* Favorites */,
				ABD940E62C45E4DA00824C07 /* Profile */,
			);
			path = Tabbar;
			sourceTree = "<group>";
		};
		ABD940E22C45E4B000824C07 /* Home */ = {
			isa = PBXGroup;
			children = (
				AB8225B72C467BB300927B69 /* HomeView.swift */,
				ABD05BB42C46FF3F0091BD53 /* HomeViewModel.swift */,
				18C326C12C4AF58F0014E948 /* NotificationView.swift */,
			);
			path = Home;
			sourceTree = "<group>";
		};
		ABD940E32C45E4B600824C07 /* Category */ = {
			isa = PBXGroup;
			children = (
				ABC172D42C47CFA3001948C6 /* CategoryView.swift */,
				ABC172E02C47FB5E001948C6 /* CategoryViewModel.swift */,
				ABC172DC2C47FA92001948C6 /* CategorySelectedView.swift */,
			);
			path = Category;
			sourceTree = "<group>";
		};
		ABD940E52C45E4CB00824C07 /* Favorites */ = {
			isa = PBXGroup;
			children = (
				ABC1737E2C4818ED001948C6 /* FavoritesView.swift */,
				ABC173822C48702B001948C6 /* FavoritesViewModel.swift */,
			);
			path = Favorites;
			sourceTree = "<group>";
		};
		ABD940E62C45E4DA00824C07 /* Profile */ = {
			isa = PBXGroup;
			children = (
				ABD4F6CC2C49BD8E00C18EAD /* FollowAndFavs */,
				ABD4F6CB2C49BD8400C18EAD /* Edit Profile */,
				ABD4F6BA2C497ADD00C18EAD /* ProfileView.swift */,
				AB45B82C2C4C113000BAD9E2 /* SettingsSheet.swift */,
				ABD4F6BC2C497B3100C18EAD /* ProfileViewModel.swift */,
				ABD4F6C42C49B97E00C18EAD /* OtherProfileView.swift */,
				18C326C02C4AF58F0014E948 /* ManageCollectionView.swift */,
				18C326BF2C4AF58F0014E948 /* EditCollectionView.swift */,
			);
			path = Profile;
			sourceTree = "<group>";
		};
/* End PBXGroup section */

/* Begin PBXNativeTarget section */
		AB3185572C3C8E4B0020B9DC /* VYBE */ = {
			isa = PBXNativeTarget;
			buildConfigurationList = AB3185662C3C8E4D0020B9DC /* Build configuration list for PBXNativeTarget "VYBE" */;
			buildPhases = (
				AB3185542C3C8E4B0020B9DC /* Sources */,
				AB3185552C3C8E4B0020B9DC /* Frameworks */,
				AB3185562C3C8E4B0020B9DC /* Resources */,
			);
			buildRules = (
			);
			dependencies = (
			);
			name = VYBE;
			packageProductDependencies = (
				AB3185832C3CA6850020B9DC /* FirebaseAuth */,
				AB3185852C3CA6850020B9DC /* FirebaseFirestore */,
				AB3185872C3CA6850020B9DC /* FirebaseFirestoreCombine-Community */,
				AB3185892C3CA6850020B9DC /* FirebaseFirestoreSwift */,
				AB31858B2C3CA6850020B9DC /* FirebaseStorage */,
			);
			productName = VYBE;
			productReference = AB3185582C3C8E4B0020B9DC /* VYBE.app */;
			productType = "com.apple.product-type.application";
		};
/* End PBXNativeTarget section */

/* Begin PBXProject section */
		AB3185502C3C8E4B0020B9DC /* Project object */ = {
			isa = PBXProject;
			attributes = {
				BuildIndependentTargetsInParallel = 1;
				LastSwiftUpdateCheck = 1540;
				LastUpgradeCheck = 1540;
				TargetAttributes = {
					AB3185572C3C8E4B0020B9DC = {
						CreatedOnToolsVersion = 15.4;
					};
				};
			};
			buildConfigurationList = AB3185532C3C8E4B0020B9DC /* Build configuration list for PBXProject "VYBE" */;
			compatibilityVersion = "Xcode 14.0";
			developmentRegion = en;
			hasScannedForEncodings = 0;
			knownRegions = (
				en,
				Base,
			);
			mainGroup = AB31854F2C3C8E4B0020B9DC;
			packageReferences = (
				AB3185822C3CA6850020B9DC /* XCRemoteSwiftPackageReference "firebase-ios-sdk" */,
			);
			productRefGroup = AB3185592C3C8E4B0020B9DC /* Products */;
			projectDirPath = "";
			projectRoot = "";
			targets = (
				AB3185572C3C8E4B0020B9DC /* VYBE */,
			);
		};
/* End PBXProject section */

/* Begin PBXResourcesBuildPhase section */
		AB3185562C3C8E4B0020B9DC /* Resources */ = {
			isa = PBXResourcesBuildPhase;
			buildActionMask = 2147483647;
			files = (
				AB3185632C3C8E4D0020B9DC /* Preview Assets.xcassets in Resources */,
				AB4867EB2C3DC43C00F6DB97 /* Colors.xcassets in Resources */,
				AB4868262C3DCCDB00F6DB97 /* Roboto-Medium.ttf in Resources */,
				AB4868212C3DCCDB00F6DB97 /* Roboto-Bold.ttf in Resources */,
				AB4868092C3DC5B000F6DB97 /* Rubik-SemiBold.ttf in Resources */,
				AB48681E2C3DCCDB00F6DB97 /* LICENSE.txt in Resources */,
				AB3185602C3C8E4D0020B9DC /* Assets.xcassets in Resources */,
				AB4868082C3DC5B000F6DB97 /* Rubik-Regular.ttf in Resources */,
				AB4867FF2C3DC5B000F6DB97 /* Rubik-Bold.ttf in Resources */,
				AB48681F2C3DCCDB00F6DB97 /* Roboto-Black.ttf in Resources */,
				AB4868282C3DCCDB00F6DB97 /* Roboto-Regular.ttf in Resources */,
				ABB608692C4C6D9600F22291 /* Roboto-Italic.ttf in Resources */,
				AB4867E72C3DC2D200F6DB97 /* GoogleService-Info.plist in Resources */,
				AB4868062C3DC5B000F6DB97 /* Rubik-Medium.ttf in Resources */,
			);
			runOnlyForDeploymentPostprocessing = 0;
		};
/* End PBXResourcesBuildPhase section */

/* Begin PBXSourcesBuildPhase section */
		AB3185542C3C8E4B0020B9DC /* Sources */ = {
			isa = PBXSourcesBuildPhase;
			buildActionMask = 2147483647;
			files = (
				ABC1737F2C4818ED001948C6 /* FavoritesView.swift in Sources */,
				AB57A7292C40881100A17C4E /* Extension+UserDefaults.swift in Sources */,
				18E964B12C48328C00A1DF3E /* AddPostView.swift in Sources */,
				ABD05BB72C4716DE0091BD53 /* Filter.swift in Sources */,
				ABB5293B2C4A51A300748E87 /* FollowersRow.swift in Sources */,
				AB3185812C3CA4BF0020B9DC /* Extension+Numbers.swift in Sources */,
				AB8225BF2C46AB2300927B69 /* CircleUserView.swift in Sources */,
				AB31855E2C3C8E4B0020B9DC /* ContentView.swift in Sources */,
				ABD05BBD2C4721FB0091BD53 /* Extension+Date.swift in Sources */,
				AB57A7272C407C7200A17C4E /* UserProfile.swift in Sources */,
				ABC172DD2C47FA92001948C6 /* CategorySelectedView.swift in Sources */,
				ABC172DF2C47FAD8001948C6 /* Category.swift in Sources */,
				AB8225BD2C46906100927B69 /* TextViews.swift in Sources */,
				AB4868402C3DDEC500F6DB97 /* Extension+String.swift in Sources */,
				AB3185762C3CA3170020B9DC /* BaseViewModel.swift in Sources */,
				ABD4F6C22C49AC2700C18EAD /* Collection.swift in Sources */,
				ABD05BB92C471E3D0091BD53 /* PostView.swift in Sources */,
				18C326BE2C4AF5700014E948 /* NotificationModel.swift in Sources */,
				ABD4F6C52C49B97E00C18EAD /* OtherProfileView.swift in Sources */,
				ABD4F6C82C49B9D900C18EAD /* ProfileTopHeader.swift in Sources */,
				ABB529392C4A4E7000748E87 /* FollowersView.swift in Sources */,
				18671E8B2C4836C40099A624 /* DottedRoundedRectangle.swift in Sources */,
				AB7E087A2C43F5FC00943D24 /* Extension+View.swift in Sources */,
				ABD05BBB2C471E700091BD53 /* Post.swift in Sources */,
				ABD940E12C45E0F200824C07 /* TabbarView.swift in Sources */,
				18C326C22C4AF58F0014E948 /* EditCollectionView.swift in Sources */,
				ABABA3942C3F243A0041EF06 /* SignUpViewModel.swift in Sources */,
				AB3185792C3CA3DD0020B9DC /* SplashView.swift in Sources */,
				ABD05BB52C46FF3F0091BD53 /* HomeViewModel.swift in Sources */,
				ABC173812C486FFE001948C6 /* PostViewFull.swift in Sources */,
				AB31855C2C3C8E4B0020B9DC /* VYBEApp.swift in Sources */,
				D55868D92C5C31CE000C5FF7 /* MockData.swift in Sources */,
				18E964B32C48329D00A1DF3E /* AddViewModel.swift in Sources */,
				AB4868302C3DD4A000F6DB97 /* Paths.swift in Sources */,
				ABC172DB2C47ECDE001948C6 /* Constants.swift in Sources */,
				D555CFF82C54448900FAFE0F /* ImageCache.swift in Sources */,
				AB48680C2C3DC5E000F6DB97 /* Extension+Font.swift in Sources */,
				AB4868362C3DD91D00F6DB97 /* SignInView.swift in Sources */,
				ABD4F6BD2C497B3100C18EAD /* ProfileViewModel.swift in Sources */,
				AB8225B82C467BB300927B69 /* HomeView.swift in Sources */,
				AB8225BA2C4684DC00927B69 /* NavItem.swift in Sources */,
				ABD4F6BB2C497ADD00C18EAD /* ProfileView.swift in Sources */,
				ABC172D92C47EAFA001948C6 /* CategoryCell.swift in Sources */,
				ABC173832C48702B001948C6 /* FavoritesViewModel.swift in Sources */,
				ABC172E12C47FB5E001948C6 /* CategoryViewModel.swift in Sources */,
				18C326C42C4AF58F0014E948 /* NotificationView.swift in Sources */,
				AB48683E2C3DDCD000F6DB97 /* AuthManager.swift in Sources */,
				AB57A7252C407C3400A17C4E /* UserManager.swift in Sources */,
				ABD4F6CA2C49BD8000C18EAD /* EditProfileView.swift in Sources */,
				AB3185702C3CA2E50020B9DC /* ContentViewModel.swift in Sources */,
				AB57A72B2C40911A00A17C4E /* ForgotPasswordView.swift in Sources */,
				AB48682D2C3DD45C00F6DB97 /* SignInViewModel.swift in Sources */,
				ABC172D52C47CFA3001948C6 /* CategoryView.swift in Sources */,
				D555CFFA2C564BA400FAFE0F /* ImagePicker.swift in Sources */,
				18C326C32C4AF58F0014E948 /* ManageCollectionView.swift in Sources */,
				AB4867E92C3DC31A00F6DB97 /* Extension+Color.swift in Sources */,
				AB48680F2C3DCC4300F6DB97 /* AppButton.swift in Sources */,
				AB48683A2C3DD93E00F6DB97 /* ValidatorTextFieldView.swift in Sources */,
				AB45B82D2C4C113000BAD9E2 /* SettingsSheet.swift in Sources */,
				ABD05BBF2C4732730091BD53 /* PostManager.swift in Sources */,
				18671E8D2C48499F0099A624 /* PostSuccessView.swift in Sources */,
				ABD4F6C02C49999A00C18EAD /* CircleDashedBorder.swift in Sources */,
				ABC172D32C47C811001948C6 /* Line.swift in Sources */,
				AB4868432C3DE17C00F6DB97 /* SignUpView.swift in Sources */,
				AB4868322C3DD5F100F6DB97 /* Routers.swift in Sources */,
				ABB5293D2C4A51AF00748E87 /* FollowingRow.swift in Sources */,
			);
			runOnlyForDeploymentPostprocessing = 0;
		};
/* End PBXSourcesBuildPhase section */

/* Begin XCBuildConfiguration section */
		AB3185642C3C8E4D0020B9DC /* Debug */ = {
			isa = XCBuildConfiguration;
			buildSettings = {
				ALWAYS_SEARCH_USER_PATHS = NO;
				ASSETCATALOG_COMPILER_GENERATE_SWIFT_ASSET_SYMBOL_EXTENSIONS = YES;
				CLANG_ANALYZER_NONNULL = YES;
				CLANG_ANALYZER_NUMBER_OBJECT_CONVERSION = YES_AGGRESSIVE;
				CLANG_CXX_LANGUAGE_STANDARD = "gnu++20";
				CLANG_ENABLE_MODULES = YES;
				CLANG_ENABLE_OBJC_ARC = YES;
				CLANG_ENABLE_OBJC_WEAK = YES;
				CLANG_WARN_BLOCK_CAPTURE_AUTORELEASING = YES;
				CLANG_WARN_BOOL_CONVERSION = YES;
				CLANG_WARN_COMMA = YES;
				CLANG_WARN_CONSTANT_CONVERSION = YES;
				CLANG_WARN_DEPRECATED_OBJC_IMPLEMENTATIONS = YES;
				CLANG_WARN_DIRECT_OBJC_ISA_USAGE = YES_ERROR;
				CLANG_WARN_DOCUMENTATION_COMMENTS = YES;
				CLANG_WARN_EMPTY_BODY = YES;
				CLANG_WARN_ENUM_CONVERSION = YES;
				CLANG_WARN_INFINITE_RECURSION = YES;
				CLANG_WARN_INT_CONVERSION = YES;
				CLANG_WARN_NON_LITERAL_NULL_CONVERSION = YES;
				CLANG_WARN_OBJC_IMPLICIT_RETAIN_SELF = YES;
				CLANG_WARN_OBJC_LITERAL_CONVERSION = YES;
				CLANG_WARN_OBJC_ROOT_CLASS = YES_ERROR;
				CLANG_WARN_QUOTED_INCLUDE_IN_FRAMEWORK_HEADER = YES;
				CLANG_WARN_RANGE_LOOP_ANALYSIS = YES;
				CLANG_WARN_STRICT_PROTOTYPES = YES;
				CLANG_WARN_SUSPICIOUS_MOVE = YES;
				CLANG_WARN_UNGUARDED_AVAILABILITY = YES_AGGRESSIVE;
				CLANG_WARN_UNREACHABLE_CODE = YES;
				CLANG_WARN__DUPLICATE_METHOD_MATCH = YES;
				COPY_PHASE_STRIP = NO;
				DEBUG_INFORMATION_FORMAT = dwarf;
				ENABLE_STRICT_OBJC_MSGSEND = YES;
				ENABLE_TESTABILITY = YES;
				ENABLE_USER_SCRIPT_SANDBOXING = YES;
				GCC_C_LANGUAGE_STANDARD = gnu17;
				GCC_DYNAMIC_NO_PIC = NO;
				GCC_NO_COMMON_BLOCKS = YES;
				GCC_OPTIMIZATION_LEVEL = 0;
				GCC_PREPROCESSOR_DEFINITIONS = (
					"DEBUG=1",
					"$(inherited)",
				);
				GCC_WARN_64_TO_32_BIT_CONVERSION = YES;
				GCC_WARN_ABOUT_RETURN_TYPE = YES_ERROR;
				GCC_WARN_UNDECLARED_SELECTOR = YES;
				GCC_WARN_UNINITIALIZED_AUTOS = YES_AGGRESSIVE;
				GCC_WARN_UNUSED_FUNCTION = YES;
				GCC_WARN_UNUSED_VARIABLE = YES;
				IPHONEOS_DEPLOYMENT_TARGET = 16.0;
				LOCALIZATION_PREFERS_STRING_CATALOGS = YES;
				MTL_ENABLE_DEBUG_INFO = INCLUDE_SOURCE;
				MTL_FAST_MATH = YES;
				ONLY_ACTIVE_ARCH = YES;
				SDKROOT = iphoneos;
				SWIFT_ACTIVE_COMPILATION_CONDITIONS = "DEBUG $(inherited)";
				SWIFT_OPTIMIZATION_LEVEL = "-Onone";
			};
			name = Debug;
		};
		AB3185652C3C8E4D0020B9DC /* Release */ = {
			isa = XCBuildConfiguration;
			buildSettings = {
				ALWAYS_SEARCH_USER_PATHS = NO;
				ASSETCATALOG_COMPILER_GENERATE_SWIFT_ASSET_SYMBOL_EXTENSIONS = YES;
				CLANG_ANALYZER_NONNULL = YES;
				CLANG_ANALYZER_NUMBER_OBJECT_CONVERSION = YES_AGGRESSIVE;
				CLANG_CXX_LANGUAGE_STANDARD = "gnu++20";
				CLANG_ENABLE_MODULES = YES;
				CLANG_ENABLE_OBJC_ARC = YES;
				CLANG_ENABLE_OBJC_WEAK = YES;
				CLANG_WARN_BLOCK_CAPTURE_AUTORELEASING = YES;
				CLANG_WARN_BOOL_CONVERSION = YES;
				CLANG_WARN_COMMA = YES;
				CLANG_WARN_CONSTANT_CONVERSION = YES;
				CLANG_WARN_DEPRECATED_OBJC_IMPLEMENTATIONS = YES;
				CLANG_WARN_DIRECT_OBJC_ISA_USAGE = YES_ERROR;
				CLANG_WARN_DOCUMENTATION_COMMENTS = YES;
				CLANG_WARN_EMPTY_BODY = YES;
				CLANG_WARN_ENUM_CONVERSION = YES;
				CLANG_WARN_INFINITE_RECURSION = YES;
				CLANG_WARN_INT_CONVERSION = YES;
				CLANG_WARN_NON_LITERAL_NULL_CONVERSION = YES;
				CLANG_WARN_OBJC_IMPLICIT_RETAIN_SELF = YES;
				CLANG_WARN_OBJC_LITERAL_CONVERSION = YES;
				CLANG_WARN_OBJC_ROOT_CLASS = YES_ERROR;
				CLANG_WARN_QUOTED_INCLUDE_IN_FRAMEWORK_HEADER = YES;
				CLANG_WARN_RANGE_LOOP_ANALYSIS = YES;
				CLANG_WARN_STRICT_PROTOTYPES = YES;
				CLANG_WARN_SUSPICIOUS_MOVE = YES;
				CLANG_WARN_UNGUARDED_AVAILABILITY = YES_AGGRESSIVE;
				CLANG_WARN_UNREACHABLE_CODE = YES;
				CLANG_WARN__DUPLICATE_METHOD_MATCH = YES;
				COPY_PHASE_STRIP = NO;
				DEBUG_INFORMATION_FORMAT = "dwarf-with-dsym";
				ENABLE_NS_ASSERTIONS = NO;
				ENABLE_STRICT_OBJC_MSGSEND = YES;
				ENABLE_USER_SCRIPT_SANDBOXING = YES;
				GCC_C_LANGUAGE_STANDARD = gnu17;
				GCC_NO_COMMON_BLOCKS = YES;
				GCC_WARN_64_TO_32_BIT_CONVERSION = YES;
				GCC_WARN_ABOUT_RETURN_TYPE = YES_ERROR;
				GCC_WARN_UNDECLARED_SELECTOR = YES;
				GCC_WARN_UNINITIALIZED_AUTOS = YES_AGGRESSIVE;
				GCC_WARN_UNUSED_FUNCTION = YES;
				GCC_WARN_UNUSED_VARIABLE = YES;
				IPHONEOS_DEPLOYMENT_TARGET = 16.0;
				LOCALIZATION_PREFERS_STRING_CATALOGS = YES;
				MTL_ENABLE_DEBUG_INFO = NO;
				MTL_FAST_MATH = YES;
				SDKROOT = iphoneos;
				SWIFT_COMPILATION_MODE = wholemodule;
				VALIDATE_PRODUCT = YES;
			};
			name = Release;
		};
		AB3185672C3C8E4D0020B9DC /* Debug */ = {
			isa = XCBuildConfiguration;
			buildSettings = {
				ASSETCATALOG_COMPILER_APPICON_NAME = AppIcon;
				ASSETCATALOG_COMPILER_GLOBAL_ACCENT_COLOR_NAME = AccentColor;
				CODE_SIGN_STYLE = Automatic;
				CURRENT_PROJECT_VERSION = 1;
				DEVELOPMENT_ASSET_PATHS = "\"VYBE/Preview Content\"";
				DEVELOPMENT_TEAM = 4NF3ZH9SF7;
				ENABLE_PREVIEWS = YES;
				GENERATE_INFOPLIST_FILE = YES;
				INFOPLIST_FILE = VYBE/Info.plist;
				INFOPLIST_KEY_UIApplicationSceneManifest_Generation = YES;
				INFOPLIST_KEY_UIApplicationSupportsIndirectInputEvents = YES;
				INFOPLIST_KEY_UILaunchScreen_Generation = YES;
				INFOPLIST_KEY_UISupportedInterfaceOrientations_iPad = "UIInterfaceOrientationPortrait UIInterfaceOrientationPortraitUpsideDown UIInterfaceOrientationLandscapeLeft UIInterfaceOrientationLandscapeRight";
				INFOPLIST_KEY_UISupportedInterfaceOrientations_iPhone = "UIInterfaceOrientationPortrait UIInterfaceOrientationLandscapeLeft UIInterfaceOrientationLandscapeRight";
				IPHONEOS_DEPLOYMENT_TARGET = 16.0;
				LD_RUNPATH_SEARCH_PATHS = (
					"$(inherited)",
					"@executable_path/Frameworks",
				);
				MARKETING_VERSION = 1.0;
				PRODUCT_BUNDLE_IDENTIFIER = io.puzzles.vybe;
				PRODUCT_NAME = "$(TARGET_NAME)";
				SUPPORTED_PLATFORMS = "iphoneos iphonesimulator";
				SUPPORTS_MACCATALYST = NO;
				SUPPORTS_MAC_DESIGNED_FOR_IPHONE_IPAD = NO;
				SWIFT_EMIT_LOC_STRINGS = YES;
				SWIFT_VERSION = 5.0;
				TARGETED_DEVICE_FAMILY = 1;
			};
			name = Debug;
		};
		AB3185682C3C8E4D0020B9DC /* Release */ = {
			isa = XCBuildConfiguration;
			buildSettings = {
				ASSETCATALOG_COMPILER_APPICON_NAME = AppIcon;
				ASSETCATALOG_COMPILER_GLOBAL_ACCENT_COLOR_NAME = AccentColor;
				CODE_SIGN_STYLE = Automatic;
				CURRENT_PROJECT_VERSION = 1;
				DEVELOPMENT_ASSET_PATHS = "\"VYBE/Preview Content\"";
				DEVELOPMENT_TEAM = 4NF3ZH9SF7;
				ENABLE_PREVIEWS = YES;
				GENERATE_INFOPLIST_FILE = YES;
				INFOPLIST_FILE = VYBE/Info.plist;
				INFOPLIST_KEY_UIApplicationSceneManifest_Generation = YES;
				INFOPLIST_KEY_UIApplicationSupportsIndirectInputEvents = YES;
				INFOPLIST_KEY_UILaunchScreen_Generation = YES;
				INFOPLIST_KEY_UISupportedInterfaceOrientations_iPad = "UIInterfaceOrientationPortrait UIInterfaceOrientationPortraitUpsideDown UIInterfaceOrientationLandscapeLeft UIInterfaceOrientationLandscapeRight";
				INFOPLIST_KEY_UISupportedInterfaceOrientations_iPhone = "UIInterfaceOrientationPortrait UIInterfaceOrientationLandscapeLeft UIInterfaceOrientationLandscapeRight";
				IPHONEOS_DEPLOYMENT_TARGET = 16.0;
				LD_RUNPATH_SEARCH_PATHS = (
					"$(inherited)",
					"@executable_path/Frameworks",
				);
				MARKETING_VERSION = 1.0;
				PRODUCT_BUNDLE_IDENTIFIER = io.puzzles.vybe;
				PRODUCT_NAME = "$(TARGET_NAME)";
				SUPPORTED_PLATFORMS = "iphoneos iphonesimulator";
				SUPPORTS_MACCATALYST = NO;
				SUPPORTS_MAC_DESIGNED_FOR_IPHONE_IPAD = NO;
				SWIFT_EMIT_LOC_STRINGS = YES;
				SWIFT_VERSION = 5.0;
				TARGETED_DEVICE_FAMILY = 1;
			};
			name = Release;
		};
/* End XCBuildConfiguration section */

/* Begin XCConfigurationList section */
		AB3185532C3C8E4B0020B9DC /* Build configuration list for PBXProject "VYBE" */ = {
			isa = XCConfigurationList;
			buildConfigurations = (
				AB3185642C3C8E4D0020B9DC /* Debug */,
				AB3185652C3C8E4D0020B9DC /* Release */,
			);
			defaultConfigurationIsVisible = 0;
			defaultConfigurationName = Release;
		};
		AB3185662C3C8E4D0020B9DC /* Build configuration list for PBXNativeTarget "VYBE" */ = {
			isa = XCConfigurationList;
			buildConfigurations = (
				AB3185672C3C8E4D0020B9DC /* Debug */,
				AB3185682C3C8E4D0020B9DC /* Release */,
			);
			defaultConfigurationIsVisible = 0;
			defaultConfigurationName = Release;
		};
/* End XCConfigurationList section */

/* Begin XCRemoteSwiftPackageReference section */
		AB3185822C3CA6850020B9DC /* XCRemoteSwiftPackageReference "firebase-ios-sdk" */ = {
			isa = XCRemoteSwiftPackageReference;
			repositoryURL = "https://github.com/firebase/firebase-ios-sdk.git";
			requirement = {
				kind = upToNextMajorVersion;
				minimumVersion = 10.29.0;
			};
		};
/* End XCRemoteSwiftPackageReference section */

/* Begin XCSwiftPackageProductDependency section */
		AB3185832C3CA6850020B9DC /* FirebaseAuth */ = {
			isa = XCSwiftPackageProductDependency;
			package = AB3185822C3CA6850020B9DC /* XCRemoteSwiftPackageReference "firebase-ios-sdk" */;
			productName = FirebaseAuth;
		};
		AB3185852C3CA6850020B9DC /* FirebaseFirestore */ = {
			isa = XCSwiftPackageProductDependency;
			package = AB3185822C3CA6850020B9DC /* XCRemoteSwiftPackageReference "firebase-ios-sdk" */;
			productName = FirebaseFirestore;
		};
		AB3185872C3CA6850020B9DC /* FirebaseFirestoreCombine-Community */ = {
			isa = XCSwiftPackageProductDependency;
			package = AB3185822C3CA6850020B9DC /* XCRemoteSwiftPackageReference "firebase-ios-sdk" */;
			productName = "FirebaseFirestoreCombine-Community";
		};
		AB3185892C3CA6850020B9DC /* FirebaseFirestoreSwift */ = {
			isa = XCSwiftPackageProductDependency;
			package = AB3185822C3CA6850020B9DC /* XCRemoteSwiftPackageReference "firebase-ios-sdk" */;
			productName = FirebaseFirestoreSwift;
		};
		AB31858B2C3CA6850020B9DC /* FirebaseStorage */ = {
			isa = XCSwiftPackageProductDependency;
			package = AB3185822C3CA6850020B9DC /* XCRemoteSwiftPackageReference "firebase-ios-sdk" */;
			productName = FirebaseStorage;
		};
/* End XCSwiftPackageProductDependency section */
	};
	rootObject = AB3185502C3C8E4B0020B9DC /* Project object */;
}
